
Microsoft Visual Studio Solution File, Format Version 12.00
# Visual Studio Version 16
VisualStudioVersion = 16.0.31205.134
MinimumVisualStudioVersion = 10.0.40219.1
Project("{FAE04EC0-301F-11D3-BF4B-00C04F79EFBC}") = "ArrayExercise2", "ArrayExercise2\ArrayExercise2.csproj", "{8DCAB1D6-EC07-4D89-8876-0952B66E2A45}"
EndProject
Global
	GlobalSection(SolutionConfigurationPlatforms) = preSolution
		Debug|Any CPU = Debug|Any CPU
		Release|Any CPU = Release|Any CPU
	EndGlobalSection
	GlobalSection(ProjectConfigurationPlatforms) = postSolution
		{8DCAB1D6-EC07-4D89-8876-0952B66E2A45}.Debug|Any CPU.ActiveCfg = Debug|Any CPU
		{8DCAB1D6-EC07-4D89-8876-0952B66E2A45}.Debug|Any CPU.Build.0 = Debug|Any CPU
		{8DCAB1D6-EC07-4D89-8876-0952B66E2A45}.Release|Any CPU.ActiveCfg = Release|Any CPU
		{8DCAB1D6-EC07-4D89-8876-0952B66E2A45}.Release|Any CPU.Build.0 = Release|Any CPU
	EndGlobalSection
	GlobalSection(SolutionProperties) = preSolution
		HideSolutionNode = FALSE
	EndGlobalSection
	GlobalSection(ExtensibilityGlobals) = postSolution
		SolutionGuid = {7FA33F7F-05AB-48CD-AEB5-C99F149597F7}
	EndGlobalSection
EndGlobal
